
Microsoft Visual Studio Solution File, Format Version 12.00
# Visual Studio Version 17
VisualStudioVersion = 17.4.33213.308
MinimumVisualStudioVersion = 10.0.40219.1
Project("{FAE04EC0-301F-11D3-BF4B-00C04F79EFBC}") = "SessionMonitoring", "SessionMonitoring\SessionMonitoring.csproj", "{4E40F95B-2C3D-4F42-A708-F8D7E80B56E3}"
EndProject
Global
	GlobalSection(SolutionConfigurationPlatforms) = preSolution
		Debug|Any CPU = Debug|Any CPU
		Release|Any CPU = Release|Any CPU
	EndGlobalSection
	GlobalSection(ProjectConfigurationPlatforms) = postSolution
		{4E40F95B-2C3D-4F42-A708-F8D7E80B56E3}.Debug|Any CPU.ActiveCfg = Debug|Any CPU
		{4E40F95B-2C3D-4F42-A708-F8D7E80B56E3}.Debug|Any CPU.Build.0 = Debug|Any CPU
		{4E40F95B-2C3D-4F42-A708-F8D7E80B56E3}.Release|Any CPU.ActiveCfg = Release|Any CPU
		{4E40F95B-2C3D-4F42-A708-F8D7E80B56E3}.Release|Any CPU.Build.0 = Release|Any CPU
	EndGlobalSection
	GlobalSection(SolutionProperties) = preSolution
		HideSolutionNode = FALSE
	EndGlobalSection
	GlobalSection(ExtensibilityGlobals) = postSolution
		SolutionGuid = {FD027FEB-5DEB-4124-B5AB-D70D265F32DD}
	EndGlobalSection
EndGlobal
